
Microsoft Visual Studio Solution File, Format Version 11.00
# Visual Studio 2010
Project("{FAE04EC0-301F-11D3-BF4B-00C04F79EFBC}") = "IDI.Framework", "IDI.Framework\IDI.Framework.csproj", "{FE071564-5B5A-40C1-B79C-AB986B8ACAA9}"
EndProject
Project("{FAE04EC0-301F-11D3-BF4B-00C04F79EFBC}") = "IDI.Cmd", "IDI.Cmd\IDI.Cmd.csproj", "{61315E71-0ED2-490C-B23A-1D8765BEA30B}"
	ProjectSection(ProjectDependencies) = postProject
		{8AE3A441-3720-462A-9430-D37FCDCD4093} = {8AE3A441-3720-462A-9430-D37FCDCD4093}
	EndProjectSection
EndProject
Project("{FAE04EC0-301F-11D3-BF4B-00C04F79EFBC}") = "IDI.Plugin.Weather", "IDI.Plugin.Weather\IDI.Plugin.Weather.csproj", "{8AE3A441-3720-462A-9430-D37FCDCD4093}"
EndProject
Project("{2150E333-8FDC-42A3-9474-1A3956D46DE8}") = "lib", "lib", "{F9897E9E-D58D-4049-95E1-36BC390B8B82}"
	ProjectSection(SolutionItems) = preProject
		lib\Animaonline Weather API.dll = lib\Animaonline Weather API.dll
	EndProjectSection
EndProject
Global
	GlobalSection(SolutionConfigurationPlatforms) = preSolution
		Debug|Any CPU = Debug|Any CPU
		Debug|Mixed Platforms = Debug|Mixed Platforms
		Debug|x86 = Debug|x86
		Release|Any CPU = Release|Any CPU
		Release|Mixed Platforms = Release|Mixed Platforms
		Release|x86 = Release|x86
	EndGlobalSection
	GlobalSection(ProjectConfigurationPlatforms) = postSolution
		{FE071564-5B5A-40C1-B79C-AB986B8ACAA9}.Debug|Any CPU.ActiveCfg = Debug|x86
		{FE071564-5B5A-40C1-B79C-AB986B8ACAA9}.Debug|Mixed Platforms.ActiveCfg = Debug|x86
		{FE071564-5B5A-40C1-B79C-AB986B8ACAA9}.Debug|Mixed Platforms.Build.0 = Debug|x86
		{FE071564-5B5A-40C1-B79C-AB986B8ACAA9}.Debug|x86.ActiveCfg = Debug|x86
		{FE071564-5B5A-40C1-B79C-AB986B8ACAA9}.Debug|x86.Build.0 = Debug|x86
		{FE071564-5B5A-40C1-B79C-AB986B8ACAA9}.Release|Any CPU.ActiveCfg = Release|x86
		{FE071564-5B5A-40C1-B79C-AB986B8ACAA9}.Release|Mixed Platforms.ActiveCfg = Release|x86
		{FE071564-5B5A-40C1-B79C-AB986B8ACAA9}.Release|Mixed Platforms.Build.0 = Release|x86
		{FE071564-5B5A-40C1-B79C-AB986B8ACAA9}.Release|x86.ActiveCfg = Release|x86
		{FE071564-5B5A-40C1-B79C-AB986B8ACAA9}.Release|x86.Build.0 = Release|x86
		{61315E71-0ED2-490C-B23A-1D8765BEA30B}.Debug|Any CPU.ActiveCfg = Debug|x86
		{61315E71-0ED2-490C-B23A-1D8765BEA30B}.Debug|Mixed Platforms.ActiveCfg = Debug|x86
		{61315E71-0ED2-490C-B23A-1D8765BEA30B}.Debug|Mixed Platforms.Build.0 = Debug|x86
		{61315E71-0ED2-490C-B23A-1D8765BEA30B}.Debug|x86.ActiveCfg = Debug|x86
		{61315E71-0ED2-490C-B23A-1D8765BEA30B}.Debug|x86.Build.0 = Debug|x86
		{61315E71-0ED2-490C-B23A-1D8765BEA30B}.Release|Any CPU.ActiveCfg = Release|x86
		{61315E71-0ED2-490C-B23A-1D8765BEA30B}.Release|Mixed Platforms.ActiveCfg = Release|x86
		{61315E71-0ED2-490C-B23A-1D8765BEA30B}.Release|Mixed Platforms.Build.0 = Release|x86
		{61315E71-0ED2-490C-B23A-1D8765BEA30B}.Release|x86.ActiveCfg = Release|x86
		{61315E71-0ED2-490C-B23A-1D8765BEA30B}.Release|x86.Build.0 = Release|x86
		{8AE3A441-3720-462A-9430-D37FCDCD4093}.Debug|Any CPU.ActiveCfg = Debug|Any CPU
		{8AE3A441-3720-462A-9430-D37FCDCD4093}.Debug|Any CPU.Build.0 = Debug|Any CPU
		{8AE3A441-3720-462A-9430-D37FCDCD4093}.Debug|Mixed Platforms.ActiveCfg = Debug|Any CPU
		{8AE3A441-3720-462A-9430-D37FCDCD4093}.Debug|Mixed Platforms.Build.0 = Debug|Any CPU
		{8AE3A441-3720-462A-9430-D37FCDCD4093}.Debug|x86.ActiveCfg = Debug|Any CPU
		{8AE3A441-3720-462A-9430-D37FCDCD4093}.Release|Any CPU.ActiveCfg = Release|Any CPU
		{8AE3A441-3720-462A-9430-D37FCDCD4093}.Release|Any CPU.Build.0 = Release|Any CPU
		{8AE3A441-3720-462A-9430-D37FCDCD4093}.Release|Mixed Platforms.ActiveCfg = Release|Any CPU
		{8AE3A441-3720-462A-9430-D37FCDCD4093}.Release|Mixed Platforms.Build.0 = Release|Any CPU
		{8AE3A441-3720-462A-9430-D37FCDCD4093}.Release|x86.ActiveCfg = Release|Any CPU
	EndGlobalSection
	GlobalSection(SolutionProperties) = preSolution
		HideSolutionNode = FALSE
	EndGlobalSection
EndGlobal
